// !$*UTF8*$!
{
	archiveVersion = 1;
	classes = {
	};
	objectVersion = 46;
	objects = {

/* Begin PBXBuildFile section */
		57A5F057BBD56BE84BE59D15 /* AppDelegate.swift in Sources */ = {isa = PBXBuildFile; fileRef = 57A5FA1F002923DFA7157044 /* AppDelegate.swift */; };
		57A5F069BAA657150CA8525E /* Assets.xcassets in Resources */ = {isa = PBXBuildFile; fileRef = 57A5FCA93FCDF832E5C7B018 /* Assets.xcassets */; };
		57A5F0FED394BAE3157B94D1 /* TimerViewPresenter.swift in Sources */ = {isa = PBXBuildFile; fileRef = 57A5FD7C3390EEBEDE005DDE /* TimerViewPresenter.swift */; };
		57A5F22F8D1ED5ED70CBE842 /* timerTests.swift in Sources */ = {isa = PBXBuildFile; fileRef = 57A5F431B75D2840BBF49D09 /* timerTests.swift */; };
		57A5F268A7F0C7C8B95FC1C3 /* LaunchScreen.storyboard in Resources */ = {isa = PBXBuildFile; fileRef = 57A5FFE0520B978D932845F7 /* LaunchScreen.storyboard */; };
		57A5F33A7BFF7DDDA01F317D /* TimerUIDelegate.swift in Sources */ = {isa = PBXBuildFile; fileRef = 57A5F13BF422DB4E13152A85 /* TimerUIDelegate.swift */; };
		57A5F47E5D6F8B347FA64A5E /* TimerPresenterProtocol.swift in Sources */ = {isa = PBXBuildFile; fileRef = 57A5F92D98D5680BEB00FA9C /* TimerPresenterProtocol.swift */; };
		57A5F9EB084CC3FD7612896D /* PossArrowDirections.swift in Sources */ = {isa = PBXBuildFile; fileRef = 57A5FF60A13D5C854A79C449 /* PossArrowDirections.swift */; };
		57A5FB4AFC7C9C55B669D442 /* TimerModel.swift in Sources */ = {isa = PBXBuildFile; fileRef = 57A5FA757195A01FA158B1E6 /* TimerModel.swift */; };
		E900FCF021AC1988001D5CC1 /* Timer.storyboard in Resources */ = {isa = PBXBuildFile; fileRef = E900FCF221AC1988001D5CC1 /* Timer.storyboard */; };
		E900FD0221AC1F35001D5CC1 /* DSEG7Classic-Bold.ttf in Resources */ = {isa = PBXBuildFile; fileRef = E900FCFF21AC1F0B001D5CC1 /* DSEG7Classic-Bold.ttf */; };
		E900FD0321AC1F35001D5CC1 /* DSEG7Classic-BoldItalic.ttf in Resources */ = {isa = PBXBuildFile; fileRef = E900FCFC21AC1F0B001D5CC1 /* DSEG7Classic-BoldItalic.ttf */; };
		E900FD0421AC1F35001D5CC1 /* DSEG7Classic-Italic.ttf in Resources */ = {isa = PBXBuildFile; fileRef = E900FCFB21AC1F0B001D5CC1 /* DSEG7Classic-Italic.ttf */; };
		E900FD0521AC1F35001D5CC1 /* DSEG7Classic-Light.ttf in Resources */ = {isa = PBXBuildFile; fileRef = E900FCFD21AC1F0B001D5CC1 /* DSEG7Classic-Light.ttf */; };
		E900FD0621AC1F35001D5CC1 /* DSEG7Classic-LightItalic.ttf in Resources */ = {isa = PBXBuildFile; fileRef = E900FCFE21AC1F0B001D5CC1 /* DSEG7Classic-LightItalic.ttf */; };
		E900FD0721AC1F35001D5CC1 /* DSEG7Classic-Regular.ttf in Resources */ = {isa = PBXBuildFile; fileRef = E900FD0121AC1F0B001D5CC1 /* DSEG7Classic-Regular.ttf */; };
		E900FD0821AC1F35001D5CC1 /* DSEG7Classic-RegularItalic.ttf in Resources */ = {isa = PBXBuildFile; fileRef = E900FD0021AC1F0B001D5CC1 /* DSEG7Classic-RegularItalic.ttf */; };
		E900FD0C21AC2205001D5CC1 /* UIColors+Util.swift in Sources */ = {isa = PBXBuildFile; fileRef = E900FD0B21AC2205001D5CC1 /* UIColors+Util.swift */; };
		E900FD4821B18447001D5CC1 /* TimerViewController.swift in Sources */ = {isa = PBXBuildFile; fileRef = E900FD4721B18447001D5CC1 /* TimerViewController.swift */; };
		E907EC9521F45AB5000E03A4 /* PossArrowProtocol.swift in Sources */ = {isa = PBXBuildFile; fileRef = E907EC9421F45AB5000E03A4 /* PossArrowProtocol.swift */; };
		E907EC9721F45C59000E03A4 /* PossArrowUIDelegate.swift in Sources */ = {isa = PBXBuildFile; fileRef = E907EC9621F45C59000E03A4 /* PossArrowUIDelegate.swift */; };
		E907EC9921F45CB8000E03A4 /* PossArrowPresenter.swift in Sources */ = {isa = PBXBuildFile; fileRef = E907EC9821F45CB8000E03A4 /* PossArrowPresenter.swift */; };
		E907EC9B21F474B9000E03A4 /* PossArrowModel.swift in Sources */ = {isa = PBXBuildFile; fileRef = E907EC9A21F474B9000E03A4 /* PossArrowModel.swift */; };
		E93FA78F224EFC83004D0D19 /* RxSwift.framework in Frameworks */ = {isa = PBXBuildFile; fileRef = E93FA78E224EFC83004D0D19 /* RxSwift.framework */; };
		E93FA790224EFC83004D0D19 /* RxSwift.framework in Embed Frameworks */ = {isa = PBXBuildFile; fileRef = E93FA78E224EFC83004D0D19 /* RxSwift.framework */; settings = {ATTRIBUTES = (CodeSignOnCopy, RemoveHeadersOnCopy, ); }; };
		E999477D21EB0E83001CEB1A /* PossArrow.xib in Resources */ = {isa = PBXBuildFile; fileRef = E999477C21EB0E83001CEB1A /* PossArrow.xib */; };
		E999478121EB0F45001CEB1A /* PossArrowView.swift in Sources */ = {isa = PBXBuildFile; fileRef = E999478021EB0F45001CEB1A /* PossArrowView.swift */; };
		E9B8BE4621D9F3890077D86A /* SoundPlayModel.swift in Sources */ = {isa = PBXBuildFile; fileRef = E9B8BE4521D9F3890077D86A /* SoundPlayModel.swift */; };
/* End PBXBuildFile section */

/* Begin PBXContainerItemProxy section */
		57A5F35AFE73B03914E4156D /* PBXContainerItemProxy */ = {
			isa = PBXContainerItemProxy;
			containerPortal = 57A5F6626DB49F9F5C377F34 /* Project object */;
			proxyType = 1;
			remoteGlobalIDString = 57A5F02338C06E41623C8DAC;
			remoteInfo = timer;
		};
/* End PBXContainerItemProxy section */

/* Begin PBXCopyFilesBuildPhase section */
		E93FA78C224EFB37004D0D19 /* Embed Frameworks */ = {
			isa = PBXCopyFilesBuildPhase;
			buildActionMask = 2147483647;
			dstPath = "";
			dstSubfolderSpec = 10;
			files = (
				E93FA790224EFC83004D0D19 /* RxSwift.framework in Embed Frameworks */,
			);
			name = "Embed Frameworks";
			runOnlyForDeploymentPostprocessing = 0;
		};
/* End PBXCopyFilesBuildPhase section */

/* Begin PBXFileReference section */
		57A5F13BF422DB4E13152A85 /* TimerUIDelegate.swift */ = {isa = PBXFileReference; fileEncoding = 4; lastKnownFileType = sourcecode.swift; path = TimerUIDelegate.swift; sourceTree = "<group>"; };
		57A5F431B75D2840BBF49D09 /* timerTests.swift */ = {isa = PBXFileReference; lastKnownFileType = sourcecode.swift; path = timerTests.swift; sourceTree = "<group>"; };
		57A5F4D31F331D5917DE6D71 /* Info.plist */ = {isa = PBXFileReference; lastKnownFileType = text.plist.info; path = Info.plist; sourceTree = "<group>"; };
		57A5F61AC49F71C4662C544A /* Sefo Timer.app */ = {isa = PBXFileReference; explicitFileType = wrapper.application; includeInIndex = 0; path = "Sefo Timer.app"; sourceTree = BUILT_PRODUCTS_DIR; };
		57A5F92D98D5680BEB00FA9C /* TimerPresenterProtocol.swift */ = {isa = PBXFileReference; fileEncoding = 4; lastKnownFileType = sourcecode.swift; path = TimerPresenterProtocol.swift; sourceTree = "<group>"; };
		57A5F9BB790F87DCDC90D78B /* timerTests.xctest */ = {isa = PBXFileReference; explicitFileType = wrapper.cfbundle; includeInIndex = 0; path = timerTests.xctest; sourceTree = BUILT_PRODUCTS_DIR; };
		57A5FA1F002923DFA7157044 /* AppDelegate.swift */ = {isa = PBXFileReference; lastKnownFileType = sourcecode.swift; path = AppDelegate.swift; sourceTree = "<group>"; };
		57A5FA757195A01FA158B1E6 /* TimerModel.swift */ = {isa = PBXFileReference; fileEncoding = 4; lastKnownFileType = sourcecode.swift; path = TimerModel.swift; sourceTree = "<group>"; };
		57A5FCA93FCDF832E5C7B018 /* Assets.xcassets */ = {isa = PBXFileReference; lastKnownFileType = folder.assetcatalog; path = Assets.xcassets; sourceTree = "<group>"; };
		57A5FCCCDDE9F2D70145949B /* Info.plist */ = {isa = PBXFileReference; lastKnownFileType = text.plist.info; path = Info.plist; sourceTree = "<group>"; };
		57A5FD7C3390EEBEDE005DDE /* TimerViewPresenter.swift */ = {isa = PBXFileReference; fileEncoding = 4; lastKnownFileType = sourcecode.swift; path = TimerViewPresenter.swift; sourceTree = "<group>"; };
		57A5FF60A13D5C854A79C449 /* PossArrowDirections.swift */ = {isa = PBXFileReference; fileEncoding = 4; lastKnownFileType = sourcecode.swift; path = PossArrowDirections.swift; sourceTree = "<group>"; };
		57A5FF92C3A6CDEA25AA543A /* Base */ = {isa = PBXFileReference; lastKnownFileType = file.storyboard; name = Base; path = Base.lproj/LaunchScreen.storyboard; sourceTree = "<group>"; };
		E900FCF121AC1988001D5CC1 /* Base */ = {isa = PBXFileReference; lastKnownFileType = file.storyboard; name = Base; path = Base.lproj/Timer.storyboard; sourceTree = "<group>"; };
		E900FCFB21AC1F0B001D5CC1 /* DSEG7Classic-Italic.ttf */ = {isa = PBXFileReference; lastKnownFileType = file; path = "DSEG7Classic-Italic.ttf"; sourceTree = "<group>"; };
		E900FCFC21AC1F0B001D5CC1 /* DSEG7Classic-BoldItalic.ttf */ = {isa = PBXFileReference; lastKnownFileType = file; path = "DSEG7Classic-BoldItalic.ttf"; sourceTree = "<group>"; };
		E900FCFD21AC1F0B001D5CC1 /* DSEG7Classic-Light.ttf */ = {isa = PBXFileReference; lastKnownFileType = file; path = "DSEG7Classic-Light.ttf"; sourceTree = "<group>"; };
		E900FCFE21AC1F0B001D5CC1 /* DSEG7Classic-LightItalic.ttf */ = {isa = PBXFileReference; lastKnownFileType = file; path = "DSEG7Classic-LightItalic.ttf"; sourceTree = "<group>"; };
		E900FCFF21AC1F0B001D5CC1 /* DSEG7Classic-Bold.ttf */ = {isa = PBXFileReference; lastKnownFileType = file; path = "DSEG7Classic-Bold.ttf"; sourceTree = "<group>"; };
		E900FD0021AC1F0B001D5CC1 /* DSEG7Classic-RegularItalic.ttf */ = {isa = PBXFileReference; lastKnownFileType = file; path = "DSEG7Classic-RegularItalic.ttf"; sourceTree = "<group>"; };
		E900FD0121AC1F0B001D5CC1 /* DSEG7Classic-Regular.ttf */ = {isa = PBXFileReference; lastKnownFileType = file; path = "DSEG7Classic-Regular.ttf"; sourceTree = "<group>"; };
		E900FD0B21AC2205001D5CC1 /* UIColors+Util.swift */ = {isa = PBXFileReference; lastKnownFileType = sourcecode.swift; path = "UIColors+Util.swift"; sourceTree = "<group>"; };
		E900FD4721B18447001D5CC1 /* TimerViewController.swift */ = {isa = PBXFileReference; lastKnownFileType = sourcecode.swift; path = TimerViewController.swift; sourceTree = "<group>"; };
		E907EC9421F45AB5000E03A4 /* PossArrowProtocol.swift */ = {isa = PBXFileReference; lastKnownFileType = sourcecode.swift; path = PossArrowProtocol.swift; sourceTree = "<group>"; };
		E907EC9621F45C59000E03A4 /* PossArrowUIDelegate.swift */ = {isa = PBXFileReference; lastKnownFileType = sourcecode.swift; path = PossArrowUIDelegate.swift; sourceTree = "<group>"; };
		E907EC9821F45CB8000E03A4 /* PossArrowPresenter.swift */ = {isa = PBXFileReference; lastKnownFileType = sourcecode.swift; path = PossArrowPresenter.swift; sourceTree = "<group>"; };
		E907EC9A21F474B9000E03A4 /* PossArrowModel.swift */ = {isa = PBXFileReference; lastKnownFileType = sourcecode.swift; path = PossArrowModel.swift; sourceTree = "<group>"; };
		E93FA78E224EFC83004D0D19 /* RxSwift.framework */ = {isa = PBXFileReference; lastKnownFileType = wrapper.framework; name = RxSwift.framework; path = Carthage/Build/iOS/RxSwift.framework; sourceTree = "<group>"; };
		E999477C21EB0E83001CEB1A /* PossArrow.xib */ = {isa = PBXFileReference; lastKnownFileType = file.xib; path = PossArrow.xib; sourceTree = "<group>"; };
		E999478021EB0F45001CEB1A /* PossArrowView.swift */ = {isa = PBXFileReference; lastKnownFileType = sourcecode.swift; path = PossArrowView.swift; sourceTree = "<group>"; };
		E9B8BE4521D9F3890077D86A /* SoundPlayModel.swift */ = {isa = PBXFileReference; lastKnownFileType = sourcecode.swift; path = SoundPlayModel.swift; sourceTree = "<group>"; };
/* End PBXFileReference section */

/* Begin PBXFrameworksBuildPhase section */
		57A5F3D4F9BC1365B4054E14 /* Frameworks */ = {
			isa = PBXFrameworksBuildPhase;
			buildActionMask = 2147483647;
			files = (
			);
			runOnlyForDeploymentPostprocessing = 0;
		};
		57A5F48B1448BFE7B5AE87C2 /* Frameworks */ = {
			isa = PBXFrameworksBuildPhase;
			buildActionMask = 2147483647;
			files = (
				E93FA78F224EFC83004D0D19 /* RxSwift.framework in Frameworks */,
			);
			runOnlyForDeploymentPostprocessing = 0;
		};
/* End PBXFrameworksBuildPhase section */

/* Begin PBXGroup section */
		57A5F078C71F7B2543BF3226 /* Products */ = {
			isa = PBXGroup;
			children = (
				57A5F61AC49F71C4662C544A /* Sefo Timer.app */,
				57A5F9BB790F87DCDC90D78B /* timerTests.xctest */,
			);
			name = Products;
			sourceTree = "<group>";
		};
		57A5F63D6B9B2881C232C7CB = {
			isa = PBXGroup;
			children = (
				E93FA78E224EFC83004D0D19 /* RxSwift.framework */,
				57A5F078C71F7B2543BF3226 /* Products */,
				57A5F6D4CD4E5F4CB83DA425 /* timer */,
				57A5F7000F19FA98E3BB0472 /* timerTests */,
			);
			sourceTree = "<group>";
		};
		57A5F6D4CD4E5F4CB83DA425 /* timer */ = {
			isa = PBXGroup;
			children = (
				E900FD0921AC21B2001D5CC1 /* Utilities */,
				E900FCF321AC1EB5001D5CC1 /* font */,
				E900FCEA21AC16E7001D5CC1 /* Model */,
				E900FCE921AC16D8001D5CC1 /* Presenter */,
				E900FCE821AC16CC001D5CC1 /* View */,
				57A5FCCCDDE9F2D70145949B /* Info.plist */,
				57A5FCA93FCDF832E5C7B018 /* Assets.xcassets */,
				57A5FFE0520B978D932845F7 /* LaunchScreen.storyboard */,
				57A5FA1F002923DFA7157044 /* AppDelegate.swift */,
			);
			path = timer;
			sourceTree = "<group>";
		};
		57A5F7000F19FA98E3BB0472 /* timerTests */ = {
			isa = PBXGroup;
			children = (
				57A5F4D31F331D5917DE6D71 /* Info.plist */,
				57A5F431B75D2840BBF49D09 /* timerTests.swift */,
			);
			path = timerTests;
			sourceTree = "<group>";
		};
		57A5F8B94FD1F1F022613F36 /* Timer */ = {
			isa = PBXGroup;
			children = (
				57A5FA757195A01FA158B1E6 /* TimerModel.swift */,
			);
			path = Timer;
			sourceTree = "<group>";
		};
		E900FCE821AC16CC001D5CC1 /* View */ = {
			isa = PBXGroup;
			children = (
				E999477B21EB0E59001CEB1A /* PosArrow */,
				E900FCED21AC1897001D5CC1 /* Timer */,
			);
			path = View;
			sourceTree = "<group>";
		};
		E900FCE921AC16D8001D5CC1 /* Presenter */ = {
			isa = PBXGroup;
			children = (
				E907EC9321F45A8A000E03A4 /* PossArrow */,
				E900FD5021B40027001D5CC1 /* Timer */,
			);
			path = Presenter;
			sourceTree = "<group>";
		};
		E900FCEA21AC16E7001D5CC1 /* Model */ = {
			isa = PBXGroup;
			children = (
				E907EC9221F45A80000E03A4 /* PossArrow */,
				E9B8BE4421D9EA400077D86A /* Util */,
				57A5F8B94FD1F1F022613F36 /* Timer */,
			);
			path = Model;
			sourceTree = "<group>";
		};
		E900FCED21AC1897001D5CC1 /* Timer */ = {
			isa = PBXGroup;
			children = (
				E900FCF221AC1988001D5CC1 /* Timer.storyboard */,
				E900FD4721B18447001D5CC1 /* TimerViewController.swift */,
				57A5F13BF422DB4E13152A85 /* TimerUIDelegate.swift */,
			);
			path = Timer;
			sourceTree = "<group>";
		};
		E900FCF321AC1EB5001D5CC1 /* font */ = {
			isa = PBXGroup;
			children = (
				E900FCFF21AC1F0B001D5CC1 /* DSEG7Classic-Bold.ttf */,
				E900FCFC21AC1F0B001D5CC1 /* DSEG7Classic-BoldItalic.ttf */,
				E900FCFB21AC1F0B001D5CC1 /* DSEG7Classic-Italic.ttf */,
				E900FCFD21AC1F0B001D5CC1 /* DSEG7Classic-Light.ttf */,
				E900FCFE21AC1F0B001D5CC1 /* DSEG7Classic-LightItalic.ttf */,
				E900FD0121AC1F0B001D5CC1 /* DSEG7Classic-Regular.ttf */,
				E900FD0021AC1F0B001D5CC1 /* DSEG7Classic-RegularItalic.ttf */,
			);
			path = font;
			sourceTree = "<group>";
		};
		E900FD0921AC21B2001D5CC1 /* Utilities */ = {
			isa = PBXGroup;
			children = (
				E900FD0A21AC21D6001D5CC1 /* Excentesions */,
			);
			path = Utilities;
			sourceTree = "<group>";
		};
		E900FD0A21AC21D6001D5CC1 /* Excentesions */ = {
			isa = PBXGroup;
			children = (
				E900FD0B21AC2205001D5CC1 /* UIColors+Util.swift */,
			);
			path = Excentesions;
			sourceTree = "<group>";
		};
		E900FD5021B40027001D5CC1 /* Timer */ = {
			isa = PBXGroup;
			children = (
				57A5FD7C3390EEBEDE005DDE /* TimerViewPresenter.swift */,
				57A5F92D98D5680BEB00FA9C /* TimerPresenterProtocol.swift */,
			);
			path = Timer;
			sourceTree = "<group>";
		};
		E907EC9221F45A80000E03A4 /* PossArrow */ = {
			isa = PBXGroup;
			children = (
				E907EC9A21F474B9000E03A4 /* PossArrowModel.swift */,
			);
			path = PossArrow;
			sourceTree = "<group>";
		};
		E907EC9321F45A8A000E03A4 /* PossArrow */ = {
			isa = PBXGroup;
			children = (
				E907EC9421F45AB5000E03A4 /* PossArrowProtocol.swift */,
				E907EC9821F45CB8000E03A4 /* PossArrowPresenter.swift */,
				57A5FF60A13D5C854A79C449 /* PossArrowDirections.swift */,
			);
			path = PossArrow;
			sourceTree = "<group>";
		};
		E999477B21EB0E59001CEB1A /* PosArrow */ = {
			isa = PBXGroup;
			children = (
				E999477C21EB0E83001CEB1A /* PossArrow.xib */,
				E999478021EB0F45001CEB1A /* PossArrowView.swift */,
				E907EC9621F45C59000E03A4 /* PossArrowUIDelegate.swift */,
			);
			path = PosArrow;
			sourceTree = "<group>";
		};
		E9B8BE4421D9EA400077D86A /* Util */ = {
			isa = PBXGroup;
			children = (
				E9B8BE4521D9F3890077D86A /* SoundPlayModel.swift */,
			);
			path = Util;
			sourceTree = "<group>";
		};
/* End PBXGroup section */

/* Begin PBXNativeTarget section */
		57A5F02338C06E41623C8DAC /* Sefo Timer */ = {
			isa = PBXNativeTarget;
			buildConfigurationList = 57A5F1CAA734457F5548C03B /* Build configuration list for PBXNativeTarget "Sefo Timer" */;
			buildPhases = (
				57A5F033106A663F1993BAF2 /* Sources */,
				57A5F48B1448BFE7B5AE87C2 /* Frameworks */,
				57A5F9195AE51A0DEF68A2E9 /* Resources */,
				E93FA78C224EFB37004D0D19 /* Embed Frameworks */,
				E93FA791224EFCDB004D0D19 /* ShellScript */,
			);
			buildRules = (
			);
			dependencies = (
			);
			name = "Sefo Timer";
			productName = timer;
			productReference = 57A5F61AC49F71C4662C544A /* Sefo Timer.app */;
			productType = "com.apple.product-type.application";
		};
		57A5F4EDD4F3AD40516C0D7C /* timerTests */ = {
			isa = PBXNativeTarget;
			buildConfigurationList = 57A5F1F720099D94381D135A /* Build configuration list for PBXNativeTarget "timerTests" */;
			buildPhases = (
				57A5F1FE0FA59BDD5037C4E3 /* Sources */,
				57A5F3D4F9BC1365B4054E14 /* Frameworks */,
				57A5FD889CE1F4D27FAC719C /* Resources */,
			);
			buildRules = (
			);
			dependencies = (
				57A5F040F07DB46AC11FB8B9 /* PBXTargetDependency */,
			);
			name = timerTests;
			productName = timerTests;
			productReference = 57A5F9BB790F87DCDC90D78B /* timerTests.xctest */;
			productType = "com.apple.product-type.bundle.unit-test";
		};
/* End PBXNativeTarget section */

/* Begin PBXProject section */
		57A5F6626DB49F9F5C377F34 /* Project object */ = {
			isa = PBXProject;
			attributes = {
				ORGANIZATIONNAME = bigbackboom;
				TargetAttributes = {
					57A5F02338C06E41623C8DAC = {
						DevelopmentTeam = 692F6KJ53D;
					};
				};
			};
			buildConfigurationList = 57A5FCD3EF6F0568FD9A4E9B /* Build configuration list for PBXProject "timer" */;
			compatibilityVersion = "Xcode 3.2";
			developmentRegion = English;
			hasScannedForEncodings = 0;
			knownRegions = (
				English,
				en,
				Base,
			);
			mainGroup = 57A5F63D6B9B2881C232C7CB;
			productRefGroup = 57A5F078C71F7B2543BF3226 /* Products */;
			projectDirPath = "";
			projectRoot = "";
			targets = (
				57A5F02338C06E41623C8DAC /* Sefo Timer */,
				57A5F4EDD4F3AD40516C0D7C /* timerTests */,
			);
		};
/* End PBXProject section */

/* Begin PBXResourcesBuildPhase section */
		57A5F9195AE51A0DEF68A2E9 /* Resources */ = {
			isa = PBXResourcesBuildPhase;
			buildActionMask = 2147483647;
			files = (
				E900FD0221AC1F35001D5CC1 /* DSEG7Classic-Bold.ttf in Resources */,
				E900FD0321AC1F35001D5CC1 /* DSEG7Classic-BoldItalic.ttf in Resources */,
				E900FD0421AC1F35001D5CC1 /* DSEG7Classic-Italic.ttf in Resources */,
				E900FD0521AC1F35001D5CC1 /* DSEG7Classic-Light.ttf in Resources */,
				E900FD0621AC1F35001D5CC1 /* DSEG7Classic-LightItalic.ttf in Resources */,
				E900FD0721AC1F35001D5CC1 /* DSEG7Classic-Regular.ttf in Resources */,
				E999477D21EB0E83001CEB1A /* PossArrow.xib in Resources */,
				E900FD0821AC1F35001D5CC1 /* DSEG7Classic-RegularItalic.ttf in Resources */,
				E900FCF021AC1988001D5CC1 /* Timer.storyboard in Resources */,
				57A5F069BAA657150CA8525E /* Assets.xcassets in Resources */,
				57A5F268A7F0C7C8B95FC1C3 /* LaunchScreen.storyboard in Resources */,
			);
			runOnlyForDeploymentPostprocessing = 0;
		};
		57A5FD889CE1F4D27FAC719C /* Resources */ = {
			isa = PBXResourcesBuildPhase;
			buildActionMask = 2147483647;
			files = (
			);
			runOnlyForDeploymentPostprocessing = 0;
		};
/* End PBXResourcesBuildPhase section */

/* Begin PBXShellScriptBuildPhase section */
		E93FA791224EFCDB004D0D19 /* ShellScript */ = {
			isa = PBXShellScriptBuildPhase;
			buildActionMask = 2147483647;
			files = (
			);
			inputFileListPaths = (
			);
			inputPaths = (
				"$(SRCROOT)/Carthage/Build/iOS/RxSwift.framework",
			);
			outputFileListPaths = (
			);
			outputPaths = (
			);
			runOnlyForDeploymentPostprocessing = 0;
			shellPath = /bin/sh;
			shellScript = "# Type a script or drag a script file from your workspace to insert its path.\n/usr/local/bin/carthage copy-frameworks\n";
		};
/* End PBXShellScriptBuildPhase section */

/* Begin PBXSourcesBuildPhase section */
		57A5F033106A663F1993BAF2 /* Sources */ = {
			isa = PBXSourcesBuildPhase;
			buildActionMask = 2147483647;
			files = (
				E900FD0C21AC2205001D5CC1 /* UIColors+Util.swift in Sources */,
				E907EC9721F45C59000E03A4 /* PossArrowUIDelegate.swift in Sources */,
				E907EC9B21F474B9000E03A4 /* PossArrowModel.swift in Sources */,
				E900FD4821B18447001D5CC1 /* TimerViewController.swift in Sources */,
				E907EC9521F45AB5000E03A4 /* PossArrowProtocol.swift in Sources */,
				57A5F057BBD56BE84BE59D15 /* AppDelegate.swift in Sources */,
				57A5F0FED394BAE3157B94D1 /* TimerViewPresenter.swift in Sources */,
				E999478121EB0F45001CEB1A /* PossArrowView.swift in Sources */,
				57A5FB4AFC7C9C55B669D442 /* TimerModel.swift in Sources */,
				57A5F33A7BFF7DDDA01F317D /* TimerUIDelegate.swift in Sources */,
				57A5F47E5D6F8B347FA64A5E /* TimerPresenterProtocol.swift in Sources */,
				E9B8BE4621D9F3890077D86A /* SoundPlayModel.swift in Sources */,
				E907EC9921F45CB8000E03A4 /* PossArrowPresenter.swift in Sources */,
				57A5F9EB084CC3FD7612896D /* PossArrowDirections.swift in Sources */,
			);
			runOnlyForDeploymentPostprocessing = 0;
		};
		57A5F1FE0FA59BDD5037C4E3 /* Sources */ = {
			isa = PBXSourcesBuildPhase;
			buildActionMask = 2147483647;
			files = (
				57A5F22F8D1ED5ED70CBE842 /* timerTests.swift in Sources */,
			);
			runOnlyForDeploymentPostprocessing = 0;
		};
/* End PBXSourcesBuildPhase section */

/* Begin PBXTargetDependency section */
		57A5F040F07DB46AC11FB8B9 /* PBXTargetDependency */ = {
			isa = PBXTargetDependency;
			target = 57A5F02338C06E41623C8DAC /* Sefo Timer */;
			targetProxy = 57A5F35AFE73B03914E4156D /* PBXContainerItemProxy */;
		};
/* End PBXTargetDependency section */

/* Begin PBXVariantGroup section */
		57A5FFE0520B978D932845F7 /* LaunchScreen.storyboard */ = {
			isa = PBXVariantGroup;
			children = (
				57A5FF92C3A6CDEA25AA543A /* Base */,
			);
			name = LaunchScreen.storyboard;
			sourceTree = "<group>";
		};
		E900FCF221AC1988001D5CC1 /* Timer.storyboard */ = {
			isa = PBXVariantGroup;
			children = (
				E900FCF121AC1988001D5CC1 /* Base */,
			);
			name = Timer.storyboard;
			sourceTree = "<group>";
		};
/* End PBXVariantGroup section */

/* Begin XCBuildConfiguration section */
		57A5F0A390C5696081758223 /* Release */ = {
			isa = XCBuildConfiguration;
			buildSettings = {
				ASSETCATALOG_COMPILER_APPICON_NAME = AppIcon;
				DEVELOPMENT_TEAM = 692F6KJ53D;
				FRAMEWORK_SEARCH_PATHS = (
					"$(inherited)",
					"$(PROJECT_DIR)/Carthage/Build/iOS",
					"$(PROJECT_DIR)/Frameworks",
				);
				INFOPLIST_FILE = timer/Info.plist;
				IPHONEOS_DEPLOYMENT_TARGET = 10.0;
				LD_RUNPATH_SEARCH_PATHS = "$(inherited) @executable_path/Frameworks";
				PRODUCT_BUNDLE_IDENTIFIER = com.sakazuki.timer;
				PRODUCT_NAME = "$(TARGET_NAME)";
				SWIFT_VERSION = 4.2;
				TARGETED_DEVICE_FAMILY = 2;
			};
			name = Release;
		};
		57A5F2CC35EE0029FFD0FD9E /* Debug */ = {
			isa = XCBuildConfiguration;
			buildSettings = {
				BUNDLE_LOADER = "$(BUILT_PRODUCTS_DIR)/timer.app/timer";
				INFOPLIST_FILE = timerTests/Info.plist;
				LD_RUNPATH_SEARCH_PATHS = "$(inherited) @executable_path/Frameworks @loader_path/Frameworks";
				PRODUCT_BUNDLE_IDENTIFIER = com.sakazuki.timerTests;
				PRODUCT_NAME = "$(TARGET_NAME)";
				SWIFT_VERSION = 4.2;
				TARGETED_DEVICE_FAMILY = "1,2";
				TEST_HOST = "$(BUNDLE_LOADER)";
			};
			name = Debug;
		};
		57A5FB88A80A9EC1512C3851 /* Release */ = {
			isa = XCBuildConfiguration;
			buildSettings = {
				ALWAYS_SEARCH_USER_PATHS = NO;
				CLANG_ANALYZER_NONNULL = YES;
				CLANG_ANALYZER_NUMBER_OBJECT_CONVERSION = YES_AGGRESSIVE;
				CLANG_CXX_LANGUAGE_STANDARD = "gnu++14";
				CLANG_CXX_LIBRARY = "libc++";
				CLANG_ENABLE_MODULES = YES;
				CLANG_ENABLE_OBJC_ARC = YES;
				CLANG_ENABLE_OBJC_WEAK = YES;
				CLANG_WARN_BLOCK_CAPTURE_AUTORELEASING = YES;
				CLANG_WARN_BOOL_CONVERSION = YES;
				CLANG_WARN_COMMA = YES;
				CLANG_WARN_CONSTANT_CONVERSION = YES;
				CLANG_WARN_DEPRECATED_OBJC_IMPLEMENTATIONS = YES;
				CLANG_WARN_DIRECT_OBJC_ISA_USAGE = YES_ERROR;
				CLANG_WARN_DOCUMENTATION_COMMENTS = YES;
				CLANG_WARN_EMPTY_BODY = YES;
				CLANG_WARN_ENUM_CONVERSION = YES;
				CLANG_WARN_INFINITE_RECURSION = YES;
				CLANG_WARN_INT_CONVERSION = YES;
				CLANG_WARN_NON_LITERAL_NULL_CONVERSION = YES;
				CLANG_WARN_OBJC_IMPLICIT_RETAIN_SELF = YES;
				CLANG_WARN_OBJC_LITERAL_CONVERSION = YES;
				CLANG_WARN_OBJC_ROOT_CLASS = YES_ERROR;
				CLANG_WARN_RANGE_LOOP_ANALYSIS = YES;
				CLANG_WARN_STRICT_PROTOTYPES = YES;
				CLANG_WARN_SUSPICIOUS_MOVE = YES;
				CLANG_WARN_UNGUARDED_AVAILABILITY = YES_AGGRESSIVE;
				CLANG_WARN_UNREACHABLE_CODE = YES;
				CLANG_WARN__DUPLICATE_METHOD_MATCH = YES;
				CODE_SIGN_IDENTITY = "iPhone Developer";
				COPY_PHASE_STRIP = NO;
				DEBUG_INFORMATION_FORMAT = "dwarf-with-dsym";
				ENABLE_NS_ASSERTIONS = NO;
				ENABLE_STRICT_OBJC_MSGSEND = YES;
				GCC_C_LANGUAGE_STANDARD = gnu11;
				GCC_NO_COMMON_BLOCKS = YES;
				GCC_WARN_64_TO_32_BIT_CONVERSION = YES;
				GCC_WARN_ABOUT_RETURN_TYPE = YES_ERROR;
				GCC_WARN_UNDECLARED_SELECTOR = YES;
				GCC_WARN_UNINITIALIZED_AUTOS = YES_AGGRESSIVE;
				GCC_WARN_UNUSED_FUNCTION = YES;
				GCC_WARN_UNUSED_VARIABLE = YES;
				IPHONEOS_DEPLOYMENT_TARGET = 10.0;
				MTL_ENABLE_DEBUG_INFO = NO;
				MTL_FAST_MATH = YES;
				SDKROOT = iphoneos;
				SWIFT_OPTIMIZATION_LEVEL = "-Owholemodule";
				VALIDATE_PRODUCT = YES;
			};
			name = Release;
		};
		57A5FBDD2323A91B6347DFCA /* Debug */ = {
			isa = XCBuildConfiguration;
			buildSettings = {
				ALWAYS_SEARCH_USER_PATHS = NO;
				CLANG_ANALYZER_NONNULL = YES;
				CLANG_ANALYZER_NUMBER_OBJECT_CONVERSION = YES_AGGRESSIVE;
				CLANG_CXX_LANGUAGE_STANDARD = "gnu++14";
				CLANG_CXX_LIBRARY = "libc++";
				CLANG_ENABLE_MODULES = YES;
				CLANG_ENABLE_OBJC_ARC = YES;
				CLANG_ENABLE_OBJC_WEAK = YES;
				CLANG_WARN_BLOCK_CAPTURE_AUTORELEASING = YES;
				CLANG_WARN_BOOL_CONVERSION = YES;
				CLANG_WARN_COMMA = YES;
				CLANG_WARN_CONSTANT_CONVERSION = YES;
				CLANG_WARN_DEPRECATED_OBJC_IMPLEMENTATIONS = YES;
				CLANG_WARN_DIRECT_OBJC_ISA_USAGE = YES_ERROR;
				CLANG_WARN_DOCUMENTATION_COMMENTS = YES;
				CLANG_WARN_EMPTY_BODY = YES;
				CLANG_WARN_ENUM_CONVERSION = YES;
				CLANG_WARN_INFINITE_RECURSION = YES;
				CLANG_WARN_INT_CONVERSION = YES;
				CLANG_WARN_NON_LITERAL_NULL_CONVERSION = YES;
				CLANG_WARN_OBJC_IMPLICIT_RETAIN_SELF = YES;
				CLANG_WARN_OBJC_LITERAL_CONVERSION = YES;
				CLANG_WARN_OBJC_ROOT_CLASS = YES_ERROR;
				CLANG_WARN_RANGE_LOOP_ANALYSIS = YES;
				CLANG_WARN_STRICT_PROTOTYPES = YES;
				CLANG_WARN_SUSPICIOUS_MOVE = YES;
				CLANG_WARN_UNGUARDED_AVAILABILITY = YES_AGGRESSIVE;
				CLANG_WARN_UNREACHABLE_CODE = YES;
				CLANG_WARN__DUPLICATE_METHOD_MATCH = YES;
				CODE_SIGN_IDENTITY = "iPhone Developer";
				COPY_PHASE_STRIP = NO;
				DEBUG_INFORMATION_FORMAT = dwarf;
				ENABLE_STRICT_OBJC_MSGSEND = YES;
				ENABLE_TESTABILITY = YES;
				GCC_C_LANGUAGE_STANDARD = gnu11;
				GCC_DYNAMIC_NO_PIC = NO;
				GCC_NO_COMMON_BLOCKS = YES;
				GCC_OPTIMIZATION_LEVEL = 0;
				GCC_PREPROCESSOR_DEFINITIONS = (
					"DEBUG=1",
					"$(inherited)",
				);
				GCC_WARN_64_TO_32_BIT_CONVERSION = YES;
				GCC_WARN_ABOUT_RETURN_TYPE = YES_ERROR;
				GCC_WARN_UNDECLARED_SELECTOR = YES;
				GCC_WARN_UNINITIALIZED_AUTOS = YES_AGGRESSIVE;
				GCC_WARN_UNUSED_FUNCTION = YES;
				GCC_WARN_UNUSED_VARIABLE = YES;
				IPHONEOS_DEPLOYMENT_TARGET = 10.0;
				MTL_ENABLE_DEBUG_INFO = INCLUDE_SOURCE;
				MTL_FAST_MATH = YES;
				ONLY_ACTIVE_ARCH = YES;
				SDKROOT = iphoneos;
				SWIFT_ACTIVE_COMPILATION_CONDITIONS = DEBUG;
				SWIFT_OPTIMIZATION_LEVEL = "-Onone";
			};
			name = Debug;
		};
		57A5FEA184761D5E21D17067 /* Release */ = {
			isa = XCBuildConfiguration;
			buildSettings = {
				BUNDLE_LOADER = "$(BUILT_PRODUCTS_DIR)/timer.app/timer";
				INFOPLIST_FILE = timerTests/Info.plist;
				LD_RUNPATH_SEARCH_PATHS = "$(inherited) @executable_path/Frameworks @loader_path/Frameworks";
				PRODUCT_BUNDLE_IDENTIFIER = com.sakazuki.timerTests;
				PRODUCT_NAME = "$(TARGET_NAME)";
				SWIFT_VERSION = 4.2;
				TARGETED_DEVICE_FAMILY = "1,2";
				TEST_HOST = "$(BUNDLE_LOADER)";
			};
			name = Release;
		};
		57A5FF9C206429C6C971EDE9 /* Debug */ = {
			isa = XCBuildConfiguration;
			buildSettings = {
				ASSETCATALOG_COMPILER_APPICON_NAME = AppIcon;
				DEVELOPMENT_TEAM = 692F6KJ53D;
				FRAMEWORK_SEARCH_PATHS = (
					"$(inherited)",
					"$(PROJECT_DIR)/Carthage/Build/iOS",
					"$(PROJECT_DIR)/Frameworks",
				);
				INFOPLIST_FILE = timer/Info.plist;
				IPHONEOS_DEPLOYMENT_TARGET = 10.0;
				LD_RUNPATH_SEARCH_PATHS = "$(inherited) @executable_path/Frameworks";
				PRODUCT_BUNDLE_IDENTIFIER = com.sakazuki.timer;
				PRODUCT_NAME = "$(TARGET_NAME)";
				SWIFT_VERSION = 4.2;
				TARGETED_DEVICE_FAMILY = 2;
			};
			name = Debug;
		};
/* End XCBuildConfiguration section */

/* Begin XCConfigurationList section */
		57A5F1CAA734457F5548C03B /* Build configuration list for PBXNativeTarget "Sefo Timer" */ = {
			isa = XCConfigurationList;
			buildConfigurations = (
				57A5FF9C206429C6C971EDE9 /* Debug */,
				57A5F0A390C5696081758223 /* Release */,
			);
			defaultConfigurationIsVisible = 0;
			defaultConfigurationName = Release;
		};
		57A5F1F720099D94381D135A /* Build configuration list for PBXNativeTarget "timerTests" */ = {
			isa = XCConfigurationList;
			buildConfigurations = (
				57A5F2CC35EE0029FFD0FD9E /* Debug */,
				57A5FEA184761D5E21D17067 /* Release */,
			);
			defaultConfigurationIsVisible = 0;
			defaultConfigurationName = Release;
		};
		57A5FCD3EF6F0568FD9A4E9B /* Build configuration list for PBXProject "timer" */ = {
			isa = XCConfigurationList;
			buildConfigurations = (
				57A5FBDD2323A91B6347DFCA /* Debug */,
				57A5FB88A80A9EC1512C3851 /* Release */,
			);
			defaultConfigurationIsVisible = 0;
			defaultConfigurationName = Release;
		};
/* End XCConfigurationList section */
	};
	rootObject = 57A5F6626DB49F9F5C377F34 /* Project object */;
}
